
Microsoft Visual Studio Solution File, Format Version 12.00
# Visual Studio Version 17
VisualStudioVersion = 17.11.35327.3
MinimumVisualStudioVersion = 10.0.40219.1
Project("{9A19103F-16F7-4668-BE54-9A1E7A4F7556}") = "Day1", "Day1\Day1.csproj", "{7C5F2E81-A83C-4DC8-9D2F-CFF460D02E3D}"
EndProject
Project("{9A19103F-16F7-4668-BE54-9A1E7A4F7556}") = "Day2", "Day2\Day2.csproj", "{1F957B66-8813-4871-A7DF-2859031BB096}"
EndProject
Project("{FAE04EC0-301F-11D3-BF4B-00C04F79EFBC}") = "Day3", "Day3\Day3.csproj", "{04D1A4E5-AF3F-40C2-AD41-C9C5FCC4AF17}"
EndProject
Project("{FAE04EC0-301F-11D3-BF4B-00C04F79EFBC}") = "Day4", "Day4\Day4.csproj", "{BD7BCF23-4632-42CD-9421-4241CA04BB72}"
EndProject
Project("{FAE04EC0-301F-11D3-BF4B-00C04F79EFBC}") = "Day5", "Day5\Day5.csproj", "{B4B8D90B-EDEE-4E9B-B532-EDA09093F610}"
EndProject
Project("{FAE04EC0-301F-11D3-BF4B-00C04F79EFBC}") = "Day6", "Day6\Day6.csproj", "{D91CB064-4F51-4456-9F75-943D88489715}"
EndProject
Project("{FAE04EC0-301F-11D3-BF4B-00C04F79EFBC}") = "Day7", "Day7\Day7.csproj", "{B176B93F-B75D-4436-8F65-37034D0654A3}"
EndProject
Project("{FAE04EC0-301F-11D3-BF4B-00C04F79EFBC}") = "Day8", "Day8\Day8.csproj", "{D4FA3234-5257-476E-9C40-80CBE6B2BE15}"
EndProject
Project("{FAE04EC0-301F-11D3-BF4B-00C04F79EFBC}") = "Day9", "Day9\Day9.csproj", "{CF88F5BA-53E7-461A-A6A0-3A8651C86007}"
EndProject
Project("{FAE04EC0-301F-11D3-BF4B-00C04F79EFBC}") = "Day10", "Day10\Day10.csproj", "{D0B7E3C3-87BD-4595-ABC8-813AC445497C}"
EndProject
Project("{FAE04EC0-301F-11D3-BF4B-00C04F79EFBC}") = "Day11", "Day11\Day11.csproj", "{B839A5C2-9E63-4442-96BE-3FFCB2C709FF}"
EndProject
Project("{FAE04EC0-301F-11D3-BF4B-00C04F79EFBC}") = "Tools", "Tools\Tools.csproj", "{BF80702E-AA3D-4602-8B7F-994E30061877}"
EndProject
Project("{FAE04EC0-301F-11D3-BF4B-00C04F79EFBC}") = "Day12", "Day12\Day12.csproj", "{446E4DB4-80EB-4EEA-8A31-BEE2024A990B}"
EndProject
Project("{FAE04EC0-301F-11D3-BF4B-00C04F79EFBC}") = "Day13", "Day13\Day13.csproj", "{87968239-27A8-449D-9AB0-9C45DD464232}"
EndProject
Global
	GlobalSection(SolutionConfigurationPlatforms) = preSolution
		Debug|Any CPU = Debug|Any CPU
		Release|Any CPU = Release|Any CPU
	EndGlobalSection
	GlobalSection(ProjectConfigurationPlatforms) = postSolution
		{7C5F2E81-A83C-4DC8-9D2F-CFF460D02E3D}.Debug|Any CPU.ActiveCfg = Debug|Any CPU
		{7C5F2E81-A83C-4DC8-9D2F-CFF460D02E3D}.Debug|Any CPU.Build.0 = Debug|Any CPU
		{7C5F2E81-A83C-4DC8-9D2F-CFF460D02E3D}.Release|Any CPU.ActiveCfg = Release|Any CPU
		{7C5F2E81-A83C-4DC8-9D2F-CFF460D02E3D}.Release|Any CPU.Build.0 = Release|Any CPU
		{1F957B66-8813-4871-A7DF-2859031BB096}.Debug|Any CPU.ActiveCfg = Debug|Any CPU
		{1F957B66-8813-4871-A7DF-2859031BB096}.Debug|Any CPU.Build.0 = Debug|Any CPU
		{1F957B66-8813-4871-A7DF-2859031BB096}.Release|Any CPU.ActiveCfg = Release|Any CPU
		{1F957B66-8813-4871-A7DF-2859031BB096}.Release|Any CPU.Build.0 = Release|Any CPU
		{04D1A4E5-AF3F-40C2-AD41-C9C5FCC4AF17}.Debug|Any CPU.ActiveCfg = Debug|Any CPU
		{04D1A4E5-AF3F-40C2-AD41-C9C5FCC4AF17}.Debug|Any CPU.Build.0 = Debug|Any CPU
		{04D1A4E5-AF3F-40C2-AD41-C9C5FCC4AF17}.Release|Any CPU.ActiveCfg = Release|Any CPU
		{04D1A4E5-AF3F-40C2-AD41-C9C5FCC4AF17}.Release|Any CPU.Build.0 = Release|Any CPU
		{BD7BCF23-4632-42CD-9421-4241CA04BB72}.Debug|Any CPU.ActiveCfg = Debug|Any CPU
		{BD7BCF23-4632-42CD-9421-4241CA04BB72}.Debug|Any CPU.Build.0 = Debug|Any CPU
		{BD7BCF23-4632-42CD-9421-4241CA04BB72}.Release|Any CPU.ActiveCfg = Release|Any CPU
		{BD7BCF23-4632-42CD-9421-4241CA04BB72}.Release|Any CPU.Build.0 = Release|Any CPU
		{B4B8D90B-EDEE-4E9B-B532-EDA09093F610}.Debug|Any CPU.ActiveCfg = Debug|Any CPU
		{B4B8D90B-EDEE-4E9B-B532-EDA09093F610}.Debug|Any CPU.Build.0 = Debug|Any CPU
		{B4B8D90B-EDEE-4E9B-B532-EDA09093F610}.Release|Any CPU.ActiveCfg = Release|Any CPU
		{B4B8D90B-EDEE-4E9B-B532-EDA09093F610}.Release|Any CPU.Build.0 = Release|Any CPU
		{D91CB064-4F51-4456-9F75-943D88489715}.Debug|Any CPU.ActiveCfg = Debug|Any CPU
		{D91CB064-4F51-4456-9F75-943D88489715}.Debug|Any CPU.Build.0 = Debug|Any CPU
		{D91CB064-4F51-4456-9F75-943D88489715}.Release|Any CPU.ActiveCfg = Release|Any CPU
		{D91CB064-4F51-4456-9F75-943D88489715}.Release|Any CPU.Build.0 = Release|Any CPU
		{B176B93F-B75D-4436-8F65-37034D0654A3}.Debug|Any CPU.ActiveCfg = Debug|Any CPU
		{B176B93F-B75D-4436-8F65-37034D0654A3}.Debug|Any CPU.Build.0 = Debug|Any CPU
		{B176B93F-B75D-4436-8F65-37034D0654A3}.Release|Any CPU.ActiveCfg = Release|Any CPU
		{B176B93F-B75D-4436-8F65-37034D0654A3}.Release|Any CPU.Build.0 = Release|Any CPU
		{D4FA3234-5257-476E-9C40-80CBE6B2BE15}.Debug|Any CPU.ActiveCfg = Debug|Any CPU
		{D4FA3234-5257-476E-9C40-80CBE6B2BE15}.Debug|Any CPU.Build.0 = Debug|Any CPU
		{D4FA3234-5257-476E-9C40-80CBE6B2BE15}.Release|Any CPU.ActiveCfg = Release|Any CPU
		{D4FA3234-5257-476E-9C40-80CBE6B2BE15}.Release|Any CPU.Build.0 = Release|Any CPU
		{CF88F5BA-53E7-461A-A6A0-3A8651C86007}.Debug|Any CPU.ActiveCfg = Debug|Any CPU
		{CF88F5BA-53E7-461A-A6A0-3A8651C86007}.Debug|Any CPU.Build.0 = Debug|Any CPU
		{CF88F5BA-53E7-461A-A6A0-3A8651C86007}.Release|Any CPU.ActiveCfg = Release|Any CPU
		{CF88F5BA-53E7-461A-A6A0-3A8651C86007}.Release|Any CPU.Build.0 = Release|Any CPU
		{D0B7E3C3-87BD-4595-ABC8-813AC445497C}.Debug|Any CPU.ActiveCfg = Debug|Any CPU
		{D0B7E3C3-87BD-4595-ABC8-813AC445497C}.Debug|Any CPU.Build.0 = Debug|Any CPU
		{D0B7E3C3-87BD-4595-ABC8-813AC445497C}.Release|Any CPU.ActiveCfg = Release|Any CPU
		{D0B7E3C3-87BD-4595-ABC8-813AC445497C}.Release|Any CPU.Build.0 = Release|Any CPU
		{B839A5C2-9E63-4442-96BE-3FFCB2C709FF}.Debug|Any CPU.ActiveCfg = Debug|Any CPU
		{B839A5C2-9E63-4442-96BE-3FFCB2C709FF}.Debug|Any CPU.Build.0 = Debug|Any CPU
		{B839A5C2-9E63-4442-96BE-3FFCB2C709FF}.Release|Any CPU.ActiveCfg = Release|Any CPU
		{B839A5C2-9E63-4442-96BE-3FFCB2C709FF}.Release|Any CPU.Build.0 = Release|Any CPU
		{BF80702E-AA3D-4602-8B7F-994E30061877}.Debug|Any CPU.ActiveCfg = Debug|Any CPU
		{BF80702E-AA3D-4602-8B7F-994E30061877}.Debug|Any CPU.Build.0 = Debug|Any CPU
		{BF80702E-AA3D-4602-8B7F-994E30061877}.Release|Any CPU.ActiveCfg = Release|Any CPU
		{BF80702E-AA3D-4602-8B7F-994E30061877}.Release|Any CPU.Build.0 = Release|Any CPU
		{446E4DB4-80EB-4EEA-8A31-BEE2024A990B}.Debug|Any CPU.ActiveCfg = Debug|Any CPU
		{446E4DB4-80EB-4EEA-8A31-BEE2024A990B}.Debug|Any CPU.Build.0 = Debug|Any CPU
		{446E4DB4-80EB-4EEA-8A31-BEE2024A990B}.Release|Any CPU.ActiveCfg = Release|Any CPU
		{446E4DB4-80EB-4EEA-8A31-BEE2024A990B}.Release|Any CPU.Build.0 = Release|Any CPU
		{87968239-27A8-449D-9AB0-9C45DD464232}.Debug|Any CPU.ActiveCfg = Debug|Any CPU
		{87968239-27A8-449D-9AB0-9C45DD464232}.Debug|Any CPU.Build.0 = Debug|Any CPU
		{87968239-27A8-449D-9AB0-9C45DD464232}.Release|Any CPU.ActiveCfg = Release|Any CPU
		{87968239-27A8-449D-9AB0-9C45DD464232}.Release|Any CPU.Build.0 = Release|Any CPU
	EndGlobalSection
	GlobalSection(SolutionProperties) = preSolution
		HideSolutionNode = FALSE
	EndGlobalSection
	GlobalSection(ExtensibilityGlobals) = postSolution
		SolutionGuid = {D2B62DF8-CC2F-41C4-A9DC-CB60266DCA60}
	EndGlobalSection
EndGlobal
